
Microsoft Visual Studio Solution File, Format Version 12.00
# Visual Studio 15
VisualStudioVersion = 15.0.27130.2010
MinimumVisualStudioVersion = 10.0.40219.1
Project("{FAE04EC0-301F-11D3-BF4B-00C04F79EFBC}") = "ChapterFiveTutorials", "ChapterFiveTutorials\ChapterFiveTutorials.csproj", "{57591B0B-E887-467C-ACFE-9301AC654ACB}"
EndProject
Global
	GlobalSection(SolutionConfigurationPlatforms) = preSolution
		Debug|Any CPU = Debug|Any CPU
		Release|Any CPU = Release|Any CPU
	EndGlobalSection
	GlobalSection(ProjectConfigurationPlatforms) = postSolution
		{57591B0B-E887-467C-ACFE-9301AC654ACB}.Debug|Any CPU.ActiveCfg = Debug|Any CPU
		{57591B0B-E887-467C-ACFE-9301AC654ACB}.Debug|Any CPU.Build.0 = Debug|Any CPU
		{57591B0B-E887-467C-ACFE-9301AC654ACB}.Release|Any CPU.ActiveCfg = Release|Any CPU
		{57591B0B-E887-467C-ACFE-9301AC654ACB}.Release|Any CPU.Build.0 = Release|Any CPU
	EndGlobalSection
	GlobalSection(SolutionProperties) = preSolution
		HideSolutionNode = FALSE
	EndGlobalSection
	GlobalSection(ExtensibilityGlobals) = postSolution
		SolutionGuid = {C97B91E6-3994-4469-8E8A-B4C20B1CA384}
	EndGlobalSection
EndGlobal
